
Microsoft Visual Studio Solution File, Format Version 12.00
# Visual Studio Version 16
VisualStudioVersion = 16.0.31624.102
MinimumVisualStudioVersion = 10.0.40219.1
Project("{FAE04EC0-301F-11D3-BF4B-00C04F79EFBC}") = "CSharp-Chapter-5", "CSharp-Chapter-5\CSharp-Chapter-5.csproj", "{851C97F2-33FA-4D9D-8F9B-ED343E882BF9}"
EndProject
Global
	GlobalSection(SolutionConfigurationPlatforms) = preSolution
		Debug|Any CPU = Debug|Any CPU
		Release|Any CPU = Release|Any CPU
	EndGlobalSection
	GlobalSection(ProjectConfigurationPlatforms) = postSolution
		{851C97F2-33FA-4D9D-8F9B-ED343E882BF9}.Debug|Any CPU.ActiveCfg = Debug|Any CPU
		{851C97F2-33FA-4D9D-8F9B-ED343E882BF9}.Debug|Any CPU.Build.0 = Debug|Any CPU
		{851C97F2-33FA-4D9D-8F9B-ED343E882BF9}.Release|Any CPU.ActiveCfg = Release|Any CPU
		{851C97F2-33FA-4D9D-8F9B-ED343E882BF9}.Release|Any CPU.Build.0 = Release|Any CPU
	EndGlobalSection
	GlobalSection(SolutionProperties) = preSolution
		HideSolutionNode = FALSE
	EndGlobalSection
	GlobalSection(ExtensibilityGlobals) = postSolution
		SolutionGuid = {3853B6C6-5935-4EE6-A83B-CD009B8B8004}
	EndGlobalSection
EndGlobal
